
Microsoft Visual Studio Solution File, Format Version 12.00
# Visual Studio Version 16
VisualStudioVersion = 16.0.30413.136
MinimumVisualStudioVersion = 10.0.40219.1
Project("{FAE04EC0-301F-11D3-BF4B-00C04F79EFBC}") = "Entidades", "Entidades\Entidades.csproj", "{1087716A-8B50-4579-9038-2C67ACB630C1}"
EndProject
Project("{FAE04EC0-301F-11D3-BF4B-00C04F79EFBC}") = "Comercio", "Comercio\Comercio.csproj", "{D3B94569-E303-48DE-956E-CF697772DD2C}"
EndProject
Project("{FAE04EC0-301F-11D3-BF4B-00C04F79EFBC}") = "Funcionalidades", "Funcionalidades\Funcionalidades.csproj", "{52133F07-3AD1-4947-8C5C-083221E764A1}"
EndProject
Project("{FAE04EC0-301F-11D3-BF4B-00C04F79EFBC}") = "UnitTestProject1", "UnitTestProject1\UnitTestProject1.csproj", "{88F86659-1AF4-405B-AF07-B0FD33B46671}"
EndProject
Project("{FAE04EC0-301F-11D3-BF4B-00C04F79EFBC}") = "ConsoleTest", "HardCode\ConsoleTest.csproj", "{D72B1930-4152-47FF-9EC2-3F835F932812}"
EndProject
Global
	GlobalSection(SolutionConfigurationPlatforms) = preSolution
		Debug|Any CPU = Debug|Any CPU
		Release|Any CPU = Release|Any CPU
	EndGlobalSection
	GlobalSection(ProjectConfigurationPlatforms) = postSolution
		{1087716A-8B50-4579-9038-2C67ACB630C1}.Debug|Any CPU.ActiveCfg = Debug|Any CPU
		{1087716A-8B50-4579-9038-2C67ACB630C1}.Debug|Any CPU.Build.0 = Debug|Any CPU
		{1087716A-8B50-4579-9038-2C67ACB630C1}.Release|Any CPU.ActiveCfg = Release|Any CPU
		{1087716A-8B50-4579-9038-2C67ACB630C1}.Release|Any CPU.Build.0 = Release|Any CPU
		{D3B94569-E303-48DE-956E-CF697772DD2C}.Debug|Any CPU.ActiveCfg = Debug|Any CPU
		{D3B94569-E303-48DE-956E-CF697772DD2C}.Debug|Any CPU.Build.0 = Debug|Any CPU
		{D3B94569-E303-48DE-956E-CF697772DD2C}.Release|Any CPU.ActiveCfg = Release|Any CPU
		{D3B94569-E303-48DE-956E-CF697772DD2C}.Release|Any CPU.Build.0 = Release|Any CPU
		{52133F07-3AD1-4947-8C5C-083221E764A1}.Debug|Any CPU.ActiveCfg = Debug|Any CPU
		{52133F07-3AD1-4947-8C5C-083221E764A1}.Debug|Any CPU.Build.0 = Debug|Any CPU
		{52133F07-3AD1-4947-8C5C-083221E764A1}.Release|Any CPU.ActiveCfg = Release|Any CPU
		{52133F07-3AD1-4947-8C5C-083221E764A1}.Release|Any CPU.Build.0 = Release|Any CPU
		{88F86659-1AF4-405B-AF07-B0FD33B46671}.Debug|Any CPU.ActiveCfg = Debug|Any CPU
		{88F86659-1AF4-405B-AF07-B0FD33B46671}.Debug|Any CPU.Build.0 = Debug|Any CPU
		{88F86659-1AF4-405B-AF07-B0FD33B46671}.Release|Any CPU.ActiveCfg = Release|Any CPU
		{88F86659-1AF4-405B-AF07-B0FD33B46671}.Release|Any CPU.Build.0 = Release|Any CPU
		{D72B1930-4152-47FF-9EC2-3F835F932812}.Debug|Any CPU.ActiveCfg = Debug|Any CPU
		{D72B1930-4152-47FF-9EC2-3F835F932812}.Debug|Any CPU.Build.0 = Debug|Any CPU
		{D72B1930-4152-47FF-9EC2-3F835F932812}.Release|Any CPU.ActiveCfg = Release|Any CPU
		{D72B1930-4152-47FF-9EC2-3F835F932812}.Release|Any CPU.Build.0 = Release|Any CPU
	EndGlobalSection
	GlobalSection(SolutionProperties) = preSolution
		HideSolutionNode = FALSE
	EndGlobalSection
	GlobalSection(ExtensibilityGlobals) = postSolution
		SolutionGuid = {9A5430C4-EE57-44B3-86C1-CF47EB119CC1}
	EndGlobalSection
EndGlobal
